
Microsoft Visual Studio Solution File, Format Version 12.00
# Visual Studio Version 16
VisualStudioVersion = 16.0.32228.343
MinimumVisualStudioVersion = 10.0.40219.1
Project("{9A19103F-16F7-4668-BE54-9A1E7A4F7556}") = "MediaDB", "MediaDB.csproj", "{2FBD082A-62BA-47CB-8B66-7CFA49CF9D00}"
EndProject
Global
	GlobalSection(SolutionConfigurationPlatforms) = preSolution
		Debug|Any CPU = Debug|Any CPU
		Release|Any CPU = Release|Any CPU
	EndGlobalSection
	GlobalSection(ProjectConfigurationPlatforms) = postSolution
		{2FBD082A-62BA-47CB-8B66-7CFA49CF9D00}.Debug|Any CPU.ActiveCfg = Debug|Any CPU
		{2FBD082A-62BA-47CB-8B66-7CFA49CF9D00}.Debug|Any CPU.Build.0 = Debug|Any CPU
		{2FBD082A-62BA-47CB-8B66-7CFA49CF9D00}.Release|Any CPU.ActiveCfg = Release|Any CPU
		{2FBD082A-62BA-47CB-8B66-7CFA49CF9D00}.Release|Any CPU.Build.0 = Release|Any CPU
	EndGlobalSection
	GlobalSection(SolutionProperties) = preSolution
		HideSolutionNode = FALSE
	EndGlobalSection
	GlobalSection(ExtensibilityGlobals) = postSolution
		SolutionGuid = {E349188D-B640-401D-8C7E-90386F98685C}
	EndGlobalSection
EndGlobal
